{
  "name": "abel-photo-editor",
  "version": "1.0.0",
  "lockfileVersion": 3,
  "requires": true,
  "packages": {
    "": {
      "name": "abel-photo-editor",
      "version": "1.0.0",
      "devDependencies": {
        "libraw-wasm-nothread": "1.6.0-nothread.1"
      },
      "engines": {
        "node": ">=20.17.0"
      }
    },
    "node_modules/libraw-wasm-nothread": {
      "version": "1.6.0-nothread.1",
      "resolved": "https://registry.npmjs.org/libraw-wasm-nothread/-/libraw-wasm-nothread-1.6.0-nothread.1.tgz",
      "integrity": "sha512-yiT0J6a0PZQmRNGviCtEUl8Fq0+UxNZkSVklIDkCtq8SPxhQVZFDUDO7rSEafr+bItfzIUVmYB5ttYnvY9nucQ==",
      "dev": true,
      "license": "ISC"
    }
  }
}
